
Microsoft Visual Studio Solution File, Format Version 12.00
# Visual Studio Version 17
VisualStudioVersion = 17.10.34916.146
MinimumVisualStudioVersion = 10.0.40219.1
Project("{9A19103F-16F7-4668-BE54-9A1E7A4F7556}") = "LAB_1_LEDUYCUONG_HE163193", "LAB_1_LEDUYCUONG_HE163193\LAB_1_LEDUYCUONG_HE163193.csproj", "{F9F4CF42-03BF-4759-8C8F-703F9366E981}"
EndProject
Project("{FAE04EC0-301F-11D3-BF4B-00C04F79EFBC}") = "LAB_2_LEDUYCUONG_HE163193", "LAB_2_LEDUYCUONG_HE163193\LAB_2_LEDUYCUONG_HE163193.csproj", "{5AC5FA3E-C205-49C5-A5C2-BBF5F1475AF7}"
EndProject
Global
	GlobalSection(SolutionConfigurationPlatforms) = preSolution
		Debug|Any CPU = Debug|Any CPU
		Release|Any CPU = Release|Any CPU
	EndGlobalSection
	GlobalSection(ProjectConfigurationPlatforms) = postSolution
		{F9F4CF42-03BF-4759-8C8F-703F9366E981}.Debug|Any CPU.ActiveCfg = Debug|Any CPU
		{F9F4CF42-03BF-4759-8C8F-703F9366E981}.Debug|Any CPU.Build.0 = Debug|Any CPU
		{F9F4CF42-03BF-4759-8C8F-703F9366E981}.Release|Any CPU.ActiveCfg = Release|Any CPU
		{F9F4CF42-03BF-4759-8C8F-703F9366E981}.Release|Any CPU.Build.0 = Release|Any CPU
		{5AC5FA3E-C205-49C5-A5C2-BBF5F1475AF7}.Debug|Any CPU.ActiveCfg = Debug|Any CPU
		{5AC5FA3E-C205-49C5-A5C2-BBF5F1475AF7}.Debug|Any CPU.Build.0 = Debug|Any CPU
		{5AC5FA3E-C205-49C5-A5C2-BBF5F1475AF7}.Release|Any CPU.ActiveCfg = Release|Any CPU
		{5AC5FA3E-C205-49C5-A5C2-BBF5F1475AF7}.Release|Any CPU.Build.0 = Release|Any CPU
	EndGlobalSection
	GlobalSection(SolutionProperties) = preSolution
		HideSolutionNode = FALSE
	EndGlobalSection
	GlobalSection(ExtensibilityGlobals) = postSolution
		SolutionGuid = {221EF05B-005D-4413-8B15-1638B00069F4}
	EndGlobalSection
EndGlobal
